
Microsoft Visual Studio Solution File, Format Version 12.00
# Visual Studio Version 17
VisualStudioVersion = 17.5.002.0
MinimumVisualStudioVersion = 10.0.40219.1
Project("{9A19103F-16F7-4668-BE54-9A1E7A4F7556}") = "ExcelReader", "ExcelReader.csproj", "{A9CE0D1F-823B-4E88-88F9-0A18C9E509C6}"
EndProject
Global
	GlobalSection(SolutionConfigurationPlatforms) = preSolution
		Debug|Any CPU = Debug|Any CPU
		Release|Any CPU = Release|Any CPU
	EndGlobalSection
	GlobalSection(ProjectConfigurationPlatforms) = postSolution
		{A9CE0D1F-823B-4E88-88F9-0A18C9E509C6}.Debug|Any CPU.ActiveCfg = Debug|Any CPU
		{A9CE0D1F-823B-4E88-88F9-0A18C9E509C6}.Debug|Any CPU.Build.0 = Debug|Any CPU
		{A9CE0D1F-823B-4E88-88F9-0A18C9E509C6}.Release|Any CPU.ActiveCfg = Release|Any CPU
		{A9CE0D1F-823B-4E88-88F9-0A18C9E509C6}.Release|Any CPU.Build.0 = Release|Any CPU
	EndGlobalSection
	GlobalSection(SolutionProperties) = preSolution
		HideSolutionNode = FALSE
	EndGlobalSection
	GlobalSection(ExtensibilityGlobals) = postSolution
		SolutionGuid = {1BACD518-30F2-4537-96E9-DE940D5C0579}
	EndGlobalSection
EndGlobal
