
Microsoft Visual Studio Solution File, Format Version 12.00
# Visual Studio Version 17
VisualStudioVersion = 17.7.33711.374
MinimumVisualStudioVersion = 10.0.40219.1
Project("{FAE04EC0-301F-11D3-BF4B-00C04F79EFBC}") = "ExcelReader", "ExcelReader\ExcelReader.csproj", "{156E8843-5691-4269-BBE5-448EFECF6765}"
EndProject
Global
	GlobalSection(SolutionConfigurationPlatforms) = preSolution
		Debug|Any CPU = Debug|Any CPU
		Release|Any CPU = Release|Any CPU
	EndGlobalSection
	GlobalSection(ProjectConfigurationPlatforms) = postSolution
		{156E8843-5691-4269-BBE5-448EFECF6765}.Debug|Any CPU.ActiveCfg = Debug|Any CPU
		{156E8843-5691-4269-BBE5-448EFECF6765}.Debug|Any CPU.Build.0 = Debug|Any CPU
		{156E8843-5691-4269-BBE5-448EFECF6765}.Release|Any CPU.ActiveCfg = Release|Any CPU
		{156E8843-5691-4269-BBE5-448EFECF6765}.Release|Any CPU.Build.0 = Release|Any CPU
	EndGlobalSection
	GlobalSection(SolutionProperties) = preSolution
		HideSolutionNode = FALSE
	EndGlobalSection
	GlobalSection(ExtensibilityGlobals) = postSolution
		SolutionGuid = {5F0B39F5-F1FD-4792-AE2B-E9E3E66F49A5}
	EndGlobalSection
EndGlobal
