
Microsoft Visual Studio Solution File, Format Version 12.00
# Visual Studio Version 17
VisualStudioVersion = 17.8.34525.116
MinimumVisualStudioVersion = 10.0.40219.1
Project("{FAE04EC0-301F-11D3-BF4B-00C04F79EFBC}") = "ExcelReader.StanimalTheMan", "ExcelReader.StanimalTheMan\ExcelReader.StanimalTheMan.csproj", "{F2CC3896-C1E3-4FD7-92B9-23EA1786A28E}"
EndProject
Global
	GlobalSection(SolutionConfigurationPlatforms) = preSolution
		Debug|Any CPU = Debug|Any CPU
		Release|Any CPU = Release|Any CPU
	EndGlobalSection
	GlobalSection(ProjectConfigurationPlatforms) = postSolution
		{F2CC3896-C1E3-4FD7-92B9-23EA1786A28E}.Debug|Any CPU.ActiveCfg = Debug|Any CPU
		{F2CC3896-C1E3-4FD7-92B9-23EA1786A28E}.Debug|Any CPU.Build.0 = Debug|Any CPU
		{F2CC3896-C1E3-4FD7-92B9-23EA1786A28E}.Release|Any CPU.ActiveCfg = Release|Any CPU
		{F2CC3896-C1E3-4FD7-92B9-23EA1786A28E}.Release|Any CPU.Build.0 = Release|Any CPU
	EndGlobalSection
	GlobalSection(SolutionProperties) = preSolution
		HideSolutionNode = FALSE
	EndGlobalSection
	GlobalSection(ExtensibilityGlobals) = postSolution
		SolutionGuid = {AC41C36E-C8C1-4DF1-880F-71534B1AC1E3}
	EndGlobalSection
EndGlobal
