
Microsoft Visual Studio Solution File, Format Version 12.00
# Visual Studio Version 17
VisualStudioVersion = 17.9.34701.34
MinimumVisualStudioVersion = 10.0.40219.1
Project("{FAE04EC0-301F-11D3-BF4B-00C04F79EFBC}") = "ExcelReader.samggannon", "ExcelReader.samggannon\ExcelReader.samggannon.csproj", "{B5FDF3D3-CE62-4173-B8DD-B9E8DC4D58D8}"
EndProject
Global
	GlobalSection(SolutionConfigurationPlatforms) = preSolution
		Debug|Any CPU = Debug|Any CPU
		Release|Any CPU = Release|Any CPU
	EndGlobalSection
	GlobalSection(ProjectConfigurationPlatforms) = postSolution
		{B5FDF3D3-CE62-4173-B8DD-B9E8DC4D58D8}.Debug|Any CPU.ActiveCfg = Debug|Any CPU
		{B5FDF3D3-CE62-4173-B8DD-B9E8DC4D58D8}.Debug|Any CPU.Build.0 = Debug|Any CPU
		{B5FDF3D3-CE62-4173-B8DD-B9E8DC4D58D8}.Release|Any CPU.ActiveCfg = Release|Any CPU
		{B5FDF3D3-CE62-4173-B8DD-B9E8DC4D58D8}.Release|Any CPU.Build.0 = Release|Any CPU
	EndGlobalSection
	GlobalSection(SolutionProperties) = preSolution
		HideSolutionNode = FALSE
	EndGlobalSection
	GlobalSection(ExtensibilityGlobals) = postSolution
		SolutionGuid = {3C214E18-6383-4F03-81D9-FEF41BAB495E}
	EndGlobalSection
EndGlobal
