
Microsoft Visual Studio Solution File, Format Version 12.00
# Visual Studio Version 17
VisualStudioVersion = 17.9.34728.123
MinimumVisualStudioVersion = 10.0.40219.1
Project("{FAE04EC0-301F-11D3-BF4B-00C04F79EFBC}") = "ExcelReader.Dejmenek", "ExcelReader.Dejmenek.csproj", "{C4CD94C7-6E87-4D24-AA45-E4B8F8F16FAE}"
EndProject
Global
	GlobalSection(SolutionConfigurationPlatforms) = preSolution
		Debug|Any CPU = Debug|Any CPU
		Release|Any CPU = Release|Any CPU
	EndGlobalSection
	GlobalSection(ProjectConfigurationPlatforms) = postSolution
		{C4CD94C7-6E87-4D24-AA45-E4B8F8F16FAE}.Debug|Any CPU.ActiveCfg = Debug|Any CPU
		{C4CD94C7-6E87-4D24-AA45-E4B8F8F16FAE}.Debug|Any CPU.Build.0 = Debug|Any CPU
		{C4CD94C7-6E87-4D24-AA45-E4B8F8F16FAE}.Release|Any CPU.ActiveCfg = Release|Any CPU
		{C4CD94C7-6E87-4D24-AA45-E4B8F8F16FAE}.Release|Any CPU.Build.0 = Release|Any CPU
	EndGlobalSection
	GlobalSection(SolutionProperties) = preSolution
		HideSolutionNode = FALSE
	EndGlobalSection
	GlobalSection(ExtensibilityGlobals) = postSolution
		SolutionGuid = {2B4150E1-765B-42F4-B0F3-337B80A84701}
	EndGlobalSection
EndGlobal
