
Microsoft Visual Studio Solution File, Format Version 12.00
# Visual Studio Version 16
VisualStudioVersion = 16.0.33801.447
MinimumVisualStudioVersion = 10.0.40219.1
Project("{FAE04EC0-301F-11D3-BF4B-00C04F79EFBC}") = "ExcelReader", "ExcelReader\ExcelReader.csproj", "{5F562015-B9BC-426F-BD0B-86F7522CD0A9}"
EndProject
Project("{FAE04EC0-301F-11D3-BF4B-00C04F79EFBC}") = "DataAccessLibrary", "DataAccessLibrary\DataAccessLibrary.csproj", "{D53A6386-DAA8-43B6-BB5F-B8BBDA2308F7}"
EndProject
Global
	GlobalSection(SolutionConfigurationPlatforms) = preSolution
		Debug|Any CPU = Debug|Any CPU
		Release|Any CPU = Release|Any CPU
	EndGlobalSection
	GlobalSection(ProjectConfigurationPlatforms) = postSolution
		{5F562015-B9BC-426F-BD0B-86F7522CD0A9}.Debug|Any CPU.ActiveCfg = Debug|Any CPU
		{5F562015-B9BC-426F-BD0B-86F7522CD0A9}.Debug|Any CPU.Build.0 = Debug|Any CPU
		{5F562015-B9BC-426F-BD0B-86F7522CD0A9}.Release|Any CPU.ActiveCfg = Release|Any CPU
		{5F562015-B9BC-426F-BD0B-86F7522CD0A9}.Release|Any CPU.Build.0 = Release|Any CPU
		{D53A6386-DAA8-43B6-BB5F-B8BBDA2308F7}.Debug|Any CPU.ActiveCfg = Debug|Any CPU
		{D53A6386-DAA8-43B6-BB5F-B8BBDA2308F7}.Debug|Any CPU.Build.0 = Debug|Any CPU
		{D53A6386-DAA8-43B6-BB5F-B8BBDA2308F7}.Release|Any CPU.ActiveCfg = Release|Any CPU
		{D53A6386-DAA8-43B6-BB5F-B8BBDA2308F7}.Release|Any CPU.Build.0 = Release|Any CPU
	EndGlobalSection
	GlobalSection(SolutionProperties) = preSolution
		HideSolutionNode = FALSE
	EndGlobalSection
	GlobalSection(ExtensibilityGlobals) = postSolution
		SolutionGuid = {8ECEDE58-ABC0-4D88-934F-7863BA72D34E}
	EndGlobalSection
EndGlobal
