
Microsoft Visual Studio Solution File, Format Version 12.00
# Visual Studio Version 17
VisualStudioVersion = 17.5.002.0
MinimumVisualStudioVersion = 10.0.40219.1
Project("{9A19103F-16F7-4668-BE54-9A1E7A4F7556}") = "Excel-Reader.Lawang", "Excel-Reader.Lawang.csproj", "{39A2C2F4-B264-434C-8367-0E096F4054C7}"
EndProject
Global
	GlobalSection(SolutionConfigurationPlatforms) = preSolution
		Debug|Any CPU = Debug|Any CPU
		Release|Any CPU = Release|Any CPU
	EndGlobalSection
	GlobalSection(ProjectConfigurationPlatforms) = postSolution
		{39A2C2F4-B264-434C-8367-0E096F4054C7}.Debug|Any CPU.ActiveCfg = Debug|Any CPU
		{39A2C2F4-B264-434C-8367-0E096F4054C7}.Debug|Any CPU.Build.0 = Debug|Any CPU
		{39A2C2F4-B264-434C-8367-0E096F4054C7}.Release|Any CPU.ActiveCfg = Release|Any CPU
		{39A2C2F4-B264-434C-8367-0E096F4054C7}.Release|Any CPU.Build.0 = Release|Any CPU
	EndGlobalSection
	GlobalSection(SolutionProperties) = preSolution
		HideSolutionNode = FALSE
	EndGlobalSection
	GlobalSection(ExtensibilityGlobals) = postSolution
		SolutionGuid = {73FA8AC1-C3B1-4109-A419-91FDCFF0B778}
	EndGlobalSection
EndGlobal
