
Microsoft Visual Studio Solution File, Format Version 12.00
# Visual Studio Version 17
VisualStudioVersion = 17.5.33530.505
MinimumVisualStudioVersion = 10.0.40219.1
Project("{FAE04EC0-301F-11D3-BF4B-00C04F79EFBC}") = "ExcelReader", "ExcelReader\ExcelReader.csproj", "{FC05DE45-34A3-464E-8BE6-8474961CA2FD}"
EndProject
Global
	GlobalSection(SolutionConfigurationPlatforms) = preSolution
		Debug|Any CPU = Debug|Any CPU
		Release|Any CPU = Release|Any CPU
	EndGlobalSection
	GlobalSection(ProjectConfigurationPlatforms) = postSolution
		{FC05DE45-34A3-464E-8BE6-8474961CA2FD}.Debug|Any CPU.ActiveCfg = Debug|Any CPU
		{FC05DE45-34A3-464E-8BE6-8474961CA2FD}.Debug|Any CPU.Build.0 = Debug|Any CPU
		{FC05DE45-34A3-464E-8BE6-8474961CA2FD}.Release|Any CPU.ActiveCfg = Release|Any CPU
		{FC05DE45-34A3-464E-8BE6-8474961CA2FD}.Release|Any CPU.Build.0 = Release|Any CPU
	EndGlobalSection
	GlobalSection(SolutionProperties) = preSolution
		HideSolutionNode = FALSE
	EndGlobalSection
	GlobalSection(ExtensibilityGlobals) = postSolution
		SolutionGuid = {691374A1-AF45-4AA7-8E7E-3E5D9CE63C2F}
	EndGlobalSection
EndGlobal
