
Microsoft Visual Studio Solution File, Format Version 12.00
Project("{FAE04EC0-301F-11D3-BF4B-00C04F79EFBC}") = "ExcelReader.hasona23", "ExcelReader.hasona23\ExcelReader.hasona23.csproj", "{3567BF01-2232-40FD-9F28-9455738BDB54}"
EndProject
Global
	GlobalSection(SolutionConfigurationPlatforms) = preSolution
		Debug|Any CPU = Debug|Any CPU
		Release|Any CPU = Release|Any CPU
	EndGlobalSection
	GlobalSection(ProjectConfigurationPlatforms) = postSolution
		{3567BF01-2232-40FD-9F28-9455738BDB54}.Debug|Any CPU.ActiveCfg = Debug|Any CPU
		{3567BF01-2232-40FD-9F28-9455738BDB54}.Debug|Any CPU.Build.0 = Debug|Any CPU
		{3567BF01-2232-40FD-9F28-9455738BDB54}.Release|Any CPU.ActiveCfg = Release|Any CPU
		{3567BF01-2232-40FD-9F28-9455738BDB54}.Release|Any CPU.Build.0 = Release|Any CPU
	EndGlobalSection
EndGlobal
